// !$*UTF8*$!
{
	archiveVersion = 1;
	classes = {
	};
	objectVersion = 51;
	objects = {

/* Begin PBXBuildFile section */
		082D836E2166CE7700BDFAE3 /* Movie.swift in Sources */ = {isa = PBXBuildFile; fileRef = 082D836D2166CE7700BDFAE3 /* Movie.swift */; };
		0859DB6B27FFD913000E7812 /* TrailerViewController.swift in Sources */ = {isa = PBXBuildFile; fileRef = 0859DB6927FFD913000E7812 /* TrailerViewController.swift */; };
		0859DB6C27FFD913000E7812 /* TrailerViewController.xib in Resources */ = {isa = PBXBuildFile; fileRef = 0859DB6A27FFD913000E7812 /* TrailerViewController.xib */; };
		0859DB7127FFDD6F000E7812 /* SuperHeroMoviesViewController.swift in Sources */ = {isa = PBXBuildFile; fileRef = 0859DB6F27FFDD6F000E7812 /* SuperHeroMoviesViewController.swift */; };
		0859DB7227FFDD6F000E7812 /* SuperHeroMoviesViewController.xib in Resources */ = {isa = PBXBuildFile; fileRef = 0859DB7027FFDD6F000E7812 /* SuperHeroMoviesViewController.xib */; };
		08613FFC216D59B5007CCCB3 /* MovieApiManager.swift in Sources */ = {isa = PBXBuildFile; fileRef = 08613FFB216D59B5007CCCB3 /* MovieApiManager.swift */; };
		087F856922D901990058330C /* WebKit.framework in Frameworks */ = {isa = PBXBuildFile; fileRef = 087F856822D901990058330C /* WebKit.framework */; };
		0897158D2148835B0060A081 /* PosterCell.swift in Sources */ = {isa = PBXBuildFile; fileRef = 0897158C2148835B0060A081 /* PosterCell.swift */; };
		0897158F214883E90060A081 /* OLDSuperheroViewController.swift in Sources */ = {isa = PBXBuildFile; fileRef = 0897158E214883E90060A081 /* OLDSuperheroViewController.swift */; };
		08A424EE27FE1F8B000AF521 /* MovieTableViewCell.swift in Sources */ = {isa = PBXBuildFile; fileRef = 08A424EC27FE1F8B000AF521 /* MovieTableViewCell.swift */; };
		08A424EF27FE1F8B000AF521 /* MovieTableViewCell.xib in Resources */ = {isa = PBXBuildFile; fileRef = 08A424ED27FE1F8B000AF521 /* MovieTableViewCell.xib */; };
		08A424F227FE223E000AF521 /* MoviesViewController.swift in Sources */ = {isa = PBXBuildFile; fileRef = 08A424F027FE223E000AF521 /* MoviesViewController.swift */; };
		08A424F327FE223E000AF521 /* MoviesViewController.xib in Resources */ = {isa = PBXBuildFile; fileRef = 08A424F127FE223E000AF521 /* MoviesViewController.xib */; };
		08A424F527FE232B000AF521 /* CommonViewController.swift in Sources */ = {isa = PBXBuildFile; fileRef = 08A424F427FE232B000AF521 /* CommonViewController.swift */; };
		08A424FC27FE26DE000AF521 /* FlixTabBarController.swift in Sources */ = {isa = PBXBuildFile; fileRef = 08A424FA27FE26DE000AF521 /* FlixTabBarController.swift */; };
		08A424FD27FE26DE000AF521 /* FlixTabBarController.xib in Resources */ = {isa = PBXBuildFile; fileRef = 08A424FB27FE26DE000AF521 /* FlixTabBarController.xib */; };
		08A4250027FE450B000AF521 /* MovieDetailViewController.swift in Sources */ = {isa = PBXBuildFile; fileRef = 08A424FE27FE450B000AF521 /* MovieDetailViewController.swift */; };
		08A4250127FE450B000AF521 /* MovieDetailViewController.xib in Resources */ = {isa = PBXBuildFile; fileRef = 08A424FF27FE450B000AF521 /* MovieDetailViewController.xib */; };
		08DDA499213F565100F64B90 /* OLDMovieCell.swift in Sources */ = {isa = PBXBuildFile; fileRef = 08DDA498213F565100F64B90 /* OLDMovieCell.swift */; };
		08F01E442134EF990038AA2C /* AppDelegate.swift in Sources */ = {isa = PBXBuildFile; fileRef = 08F01E432134EF990038AA2C /* AppDelegate.swift */; };
		08F01E492134EF990038AA2C /* Main.storyboard in Resources */ = {isa = PBXBuildFile; fileRef = 08F01E472134EF990038AA2C /* Main.storyboard */; };
		08F01E4B2134EF9B0038AA2C /* Assets.xcassets in Resources */ = {isa = PBXBuildFile; fileRef = 08F01E4A2134EF9B0038AA2C /* Assets.xcassets */; };
		08F01E4E2134EF9B0038AA2C /* LaunchScreen.storyboard in Resources */ = {isa = PBXBuildFile; fileRef = 08F01E4C2134EF9B0038AA2C /* LaunchScreen.storyboard */; };
		08F01E592134EF9B0038AA2C /* FlixTests.swift in Sources */ = {isa = PBXBuildFile; fileRef = 08F01E582134EF9B0038AA2C /* FlixTests.swift */; };
		08F01E642134EF9C0038AA2C /* FlixUITests.swift in Sources */ = {isa = PBXBuildFile; fileRef = 08F01E632134EF9C0038AA2C /* FlixUITests.swift */; };
		2F9E50A1677C663110D676A4 /* Pods_FlixUITests.framework in Frameworks */ = {isa = PBXBuildFile; fileRef = 72F84F49931DC51B2D25B13E /* Pods_FlixUITests.framework */; };
		56411C62EA583B26392A4992 /* Pods_Flix.framework in Frameworks */ = {isa = PBXBuildFile; fileRef = 60C821995DEC32172296239C /* Pods_Flix.framework */; };
		8621A118A4D4215119FC5208 /* Pods_FlixTests.framework in Frameworks */ = {isa = PBXBuildFile; fileRef = C280354C642461B10D61764C /* Pods_FlixTests.framework */; };
/* End PBXBuildFile section */

/* Begin PBXContainerItemProxy section */
		08F01E552134EF9B0038AA2C /* PBXContainerItemProxy */ = {
			isa = PBXContainerItemProxy;
			containerPortal = 08F01E382134EF990038AA2C /* Project object */;
			proxyType = 1;
			remoteGlobalIDString = 08F01E3F2134EF990038AA2C;
			remoteInfo = Flix;
		};
		08F01E602134EF9C0038AA2C /* PBXContainerItemProxy */ = {
			isa = PBXContainerItemProxy;
			containerPortal = 08F01E382134EF990038AA2C /* Project object */;
			proxyType = 1;
			remoteGlobalIDString = 08F01E3F2134EF990038AA2C;
			remoteInfo = Flix;
		};
/* End PBXContainerItemProxy section */

/* Begin PBXFileReference section */
		082D836D2166CE7700BDFAE3 /* Movie.swift */ = {isa = PBXFileReference; lastKnownFileType = sourcecode.swift; path = Movie.swift; sourceTree = "<group>"; };
		0859DB6927FFD913000E7812 /* TrailerViewController.swift */ = {isa = PBXFileReference; lastKnownFileType = sourcecode.swift; path = TrailerViewController.swift; sourceTree = "<group>"; };
		0859DB6A27FFD913000E7812 /* TrailerViewController.xib */ = {isa = PBXFileReference; lastKnownFileType = file.xib; path = TrailerViewController.xib; sourceTree = "<group>"; };
		0859DB6F27FFDD6F000E7812 /* SuperHeroMoviesViewController.swift */ = {isa = PBXFileReference; lastKnownFileType = sourcecode.swift; path = SuperHeroMoviesViewController.swift; sourceTree = "<group>"; };
		0859DB7027FFDD6F000E7812 /* SuperHeroMoviesViewController.xib */ = {isa = PBXFileReference; lastKnownFileType = file.xib; path = SuperHeroMoviesViewController.xib; sourceTree = "<group>"; };
		08613FFB216D59B5007CCCB3 /* MovieApiManager.swift */ = {isa = PBXFileReference; lastKnownFileType = sourcecode.swift; path = MovieApiManager.swift; sourceTree = "<group>"; };
		087F856822D901990058330C /* WebKit.framework */ = {isa = PBXFileReference; lastKnownFileType = wrapper.framework; name = WebKit.framework; path = System/Library/Frameworks/WebKit.framework; sourceTree = SDKROOT; };
		0897158C2148835B0060A081 /* PosterCell.swift */ = {isa = PBXFileReference; lastKnownFileType = sourcecode.swift; path = PosterCell.swift; sourceTree = "<group>"; };
		0897158E214883E90060A081 /* OLDSuperheroViewController.swift */ = {isa = PBXFileReference; lastKnownFileType = sourcecode.swift; path = OLDSuperheroViewController.swift; sourceTree = "<group>"; };
		08A424EC27FE1F8B000AF521 /* MovieTableViewCell.swift */ = {isa = PBXFileReference; lastKnownFileType = sourcecode.swift; path = MovieTableViewCell.swift; sourceTree = "<group>"; };
		08A424ED27FE1F8B000AF521 /* MovieTableViewCell.xib */ = {isa = PBXFileReference; lastKnownFileType = file.xib; path = MovieTableViewCell.xib; sourceTree = "<group>"; };
		08A424F027FE223E000AF521 /* MoviesViewController.swift */ = {isa = PBXFileReference; lastKnownFileType = sourcecode.swift; path = MoviesViewController.swift; sourceTree = "<group>"; };
		08A424F127FE223E000AF521 /* MoviesViewController.xib */ = {isa = PBXFileReference; lastKnownFileType = file.xib; path = MoviesViewController.xib; sourceTree = "<group>"; };
		08A424F427FE232B000AF521 /* CommonViewController.swift */ = {isa = PBXFileReference; lastKnownFileType = sourcecode.swift; path = CommonViewController.swift; sourceTree = "<group>"; };
		08A424FA27FE26DE000AF521 /* FlixTabBarController.swift */ = {isa = PBXFileReference; lastKnownFileType = sourcecode.swift; path = FlixTabBarController.swift; sourceTree = "<group>"; };
		08A424FB27FE26DE000AF521 /* FlixTabBarController.xib */ = {isa = PBXFileReference; lastKnownFileType = file.xib; path = FlixTabBarController.xib; sourceTree = "<group>"; };
		08A424FE27FE450B000AF521 /* MovieDetailViewController.swift */ = {isa = PBXFileReference; lastKnownFileType = sourcecode.swift; path = MovieDetailViewController.swift; sourceTree = "<group>"; };
		08A424FF27FE450B000AF521 /* MovieDetailViewController.xib */ = {isa = PBXFileReference; lastKnownFileType = file.xib; path = MovieDetailViewController.xib; sourceTree = "<group>"; };
		08DDA498213F565100F64B90 /* OLDMovieCell.swift */ = {isa = PBXFileReference; lastKnownFileType = sourcecode.swift; path = OLDMovieCell.swift; sourceTree = "<group>"; };
		08F01E402134EF990038AA2C /* Flix.app */ = {isa = PBXFileReference; explicitFileType = wrapper.application; includeInIndex = 0; path = Flix.app; sourceTree = BUILT_PRODUCTS_DIR; };
		08F01E432134EF990038AA2C /* AppDelegate.swift */ = {isa = PBXFileReference; lastKnownFileType = sourcecode.swift; path = AppDelegate.swift; sourceTree = "<group>"; };
		08F01E482134EF990038AA2C /* Base */ = {isa = PBXFileReference; lastKnownFileType = file.storyboard; name = Base; path = Base.lproj/Main.storyboard; sourceTree = "<group>"; };
		08F01E4A2134EF9B0038AA2C /* Assets.xcassets */ = {isa = PBXFileReference; lastKnownFileType = folder.assetcatalog; path = Assets.xcassets; sourceTree = "<group>"; };
		08F01E4D2134EF9B0038AA2C /* Base */ = {isa = PBXFileReference; lastKnownFileType = file.storyboard; name = Base; path = Base.lproj/LaunchScreen.storyboard; sourceTree = "<group>"; };
		08F01E4F2134EF9B0038AA2C /* Info.plist */ = {isa = PBXFileReference; lastKnownFileType = text.plist.xml; path = Info.plist; sourceTree = "<group>"; };
		08F01E542134EF9B0038AA2C /* FlixTests.xctest */ = {isa = PBXFileReference; explicitFileType = wrapper.cfbundle; includeInIndex = 0; path = FlixTests.xctest; sourceTree = BUILT_PRODUCTS_DIR; };
		08F01E582134EF9B0038AA2C /* FlixTests.swift */ = {isa = PBXFileReference; lastKnownFileType = sourcecode.swift; path = FlixTests.swift; sourceTree = "<group>"; };
		08F01E5A2134EF9B0038AA2C /* Info.plist */ = {isa = PBXFileReference; lastKnownFileType = text.plist.xml; path = Info.plist; sourceTree = "<group>"; };
		08F01E5F2134EF9C0038AA2C /* FlixUITests.xctest */ = {isa = PBXFileReference; explicitFileType = wrapper.cfbundle; includeInIndex = 0; path = FlixUITests.xctest; sourceTree = BUILT_PRODUCTS_DIR; };
		08F01E632134EF9C0038AA2C /* FlixUITests.swift */ = {isa = PBXFileReference; lastKnownFileType = sourcecode.swift; path = FlixUITests.swift; sourceTree = "<group>"; };
		08F01E652134EF9C0038AA2C /* Info.plist */ = {isa = PBXFileReference; lastKnownFileType = text.plist.xml; path = Info.plist; sourceTree = "<group>"; };
		46978DDC6E22572014AB3B24 /* Pods-FlixUITests.release.xcconfig */ = {isa = PBXFileReference; includeInIndex = 1; lastKnownFileType = text.xcconfig; name = "Pods-FlixUITests.release.xcconfig"; path = "Target Support Files/Pods-FlixUITests/Pods-FlixUITests.release.xcconfig"; sourceTree = "<group>"; };
		60C821995DEC32172296239C /* Pods_Flix.framework */ = {isa = PBXFileReference; explicitFileType = wrapper.framework; includeInIndex = 0; path = Pods_Flix.framework; sourceTree = BUILT_PRODUCTS_DIR; };
		639E3ECF5475BD81C3841020 /* Pods-FlixTests.release.xcconfig */ = {isa = PBXFileReference; includeInIndex = 1; lastKnownFileType = text.xcconfig; name = "Pods-FlixTests.release.xcconfig"; path = "Target Support Files/Pods-FlixTests/Pods-FlixTests.release.xcconfig"; sourceTree = "<group>"; };
		6B26CDFB34E7027D0982E970 /* Pods-Flix.debug.xcconfig */ = {isa = PBXFileReference; includeInIndex = 1; lastKnownFileType = text.xcconfig; name = "Pods-Flix.debug.xcconfig"; path = "Target Support Files/Pods-Flix/Pods-Flix.debug.xcconfig"; sourceTree = "<group>"; };
		72F84F49931DC51B2D25B13E /* Pods_FlixUITests.framework */ = {isa = PBXFileReference; explicitFileType = wrapper.framework; includeInIndex = 0; path = Pods_FlixUITests.framework; sourceTree = BUILT_PRODUCTS_DIR; };
		77EAB6A006DAAEB6469AC49A /* Pods-FlixTests.debug.xcconfig */ = {isa = PBXFileReference; includeInIndex = 1; lastKnownFileType = text.xcconfig; name = "Pods-FlixTests.debug.xcconfig"; path = "Target Support Files/Pods-FlixTests/Pods-FlixTests.debug.xcconfig"; sourceTree = "<group>"; };
		C14B91C844CF4855B8DADF62 /* Pods-FlixUITests.debug.xcconfig */ = {isa = PBXFileReference; includeInIndex = 1; lastKnownFileType = text.xcconfig; name = "Pods-FlixUITests.debug.xcconfig"; path = "Target Support Files/Pods-FlixUITests/Pods-FlixUITests.debug.xcconfig"; sourceTree = "<group>"; };
		C280354C642461B10D61764C /* Pods_FlixTests.framework */ = {isa = PBXFileReference; explicitFileType = wrapper.framework; includeInIndex = 0; path = Pods_FlixTests.framework; sourceTree = BUILT_PRODUCTS_DIR; };
		F03B4F829522DA644321A165 /* Pods-Flix.release.xcconfig */ = {isa = PBXFileReference; includeInIndex = 1; lastKnownFileType = text.xcconfig; name = "Pods-Flix.release.xcconfig"; path = "Target Support Files/Pods-Flix/Pods-Flix.release.xcconfig"; sourceTree = "<group>"; };
/* End PBXFileReference section */

/* Begin PBXFrameworksBuildPhase section */
		08F01E3D2134EF990038AA2C /* Frameworks */ = {
			isa = PBXFrameworksBuildPhase;
			buildActionMask = 2147483647;
			files = (
				087F856922D901990058330C /* WebKit.framework in Frameworks */,
				56411C62EA583B26392A4992 /* Pods_Flix.framework in Frameworks */,
			);
			runOnlyForDeploymentPostprocessing = 0;
		};
		08F01E512134EF9B0038AA2C /* Frameworks */ = {
			isa = PBXFrameworksBuildPhase;
			buildActionMask = 2147483647;
			files = (
				8621A118A4D4215119FC5208 /* Pods_FlixTests.framework in Frameworks */,
			);
			runOnlyForDeploymentPostprocessing = 0;
		};
		08F01E5C2134EF9C0038AA2C /* Frameworks */ = {
			isa = PBXFrameworksBuildPhase;
			buildActionMask = 2147483647;
			files = (
				2F9E50A1677C663110D676A4 /* Pods_FlixUITests.framework in Frameworks */,
			);
			runOnlyForDeploymentPostprocessing = 0;
		};
/* End PBXFrameworksBuildPhase section */

/* Begin PBXGroup section */
		082D836C2166CE4A00BDFAE3 /* Models */ = {
			isa = PBXGroup;
			children = (
				082D836D2166CE7700BDFAE3 /* Movie.swift */,
			);
			path = Models;
			sourceTree = "<group>";
		};
		0859DB6827FFD8FB000E7812 /* TrailerViewController */ = {
			isa = PBXGroup;
			children = (
				0859DB6927FFD913000E7812 /* TrailerViewController.swift */,
				0859DB6A27FFD913000E7812 /* TrailerViewController.xib */,
			);
			path = TrailerViewController;
			sourceTree = "<group>";
		};
		0859DB6E27FFDD4B000E7812 /* SuperheroMoviesViewController */ = {
			isa = PBXGroup;
			children = (
				0859DB6F27FFDD6F000E7812 /* SuperHeroMoviesViewController.swift */,
				0859DB7027FFDD6F000E7812 /* SuperHeroMoviesViewController.xib */,
			);
			path = SuperheroMoviesViewController;
			sourceTree = "<group>";
		};
		08613FFA216D5998007CCCB3 /* API */ = {
			isa = PBXGroup;
			children = (
				08613FFB216D59B5007CCCB3 /* MovieApiManager.swift */,
			);
			path = API;
			sourceTree = "<group>";
		};
		08A4250227FE45A1000AF521 /* MoviesViewController */ = {
			isa = PBXGroup;
			children = (
				08A424F027FE223E000AF521 /* MoviesViewController.swift */,
				08A424F127FE223E000AF521 /* MoviesViewController.xib */,
			);
			path = MoviesViewController;
			sourceTree = "<group>";
		};
		08A4250327FE45B0000AF521 /* MovieDetailViewController */ = {
			isa = PBXGroup;
			children = (
				08A424FE27FE450B000AF521 /* MovieDetailViewController.swift */,
				08A424FF27FE450B000AF521 /* MovieDetailViewController.xib */,
			);
			path = MovieDetailViewController;
			sourceTree = "<group>";
		};
		08CDDE05229EE9EF00F592BF /* Storyboards */ = {
			isa = PBXGroup;
			children = (
				08F01E472134EF990038AA2C /* Main.storyboard */,
				08F01E4C2134EF9B0038AA2C /* LaunchScreen.storyboard */,
			);
			path = Storyboards;
			sourceTree = "<group>";
		};
		08CF306C21486D9400B56CDC /* ViewControllers */ = {
			isa = PBXGroup;
			children = (
				08A424F427FE232B000AF521 /* CommonViewController.swift */,
				08A4250227FE45A1000AF521 /* MoviesViewController */,
				08A4250327FE45B0000AF521 /* MovieDetailViewController */,
				0859DB6827FFD8FB000E7812 /* TrailerViewController */,
				0859DB6E27FFDD4B000E7812 /* SuperheroMoviesViewController */,
				0897158E214883E90060A081 /* OLDSuperheroViewController.swift */,
			);
			name = ViewControllers;
			path = ViewControllers.temp_caseinsensitive_rename.;
			sourceTree = "<group>";
		};
		08CF306D21486DB400B56CDC /* Views */ = {
			isa = PBXGroup;
			children = (
				08DDA498213F565100F64B90 /* OLDMovieCell.swift */,
				0897158C2148835B0060A081 /* PosterCell.swift */,
				08A424EC27FE1F8B000AF521 /* MovieTableViewCell.swift */,
				08A424ED27FE1F8B000AF521 /* MovieTableViewCell.xib */,
			);
			path = Views;
			sourceTree = "<group>";
		};
		08F01E372134EF990038AA2C = {
			isa = PBXGroup;
			children = (
				08F01E422134EF990038AA2C /* Flix */,
				08F01E572134EF9B0038AA2C /* FlixTests */,
				08F01E622134EF9C0038AA2C /* FlixUITests */,
				08F01E412134EF990038AA2C /* Products */,
				4049EB79A8B59EC9716DC897 /* Pods */,
				E9C79CA5BC453C38F91F1C60 /* Frameworks */,
			);
			sourceTree = "<group>";
		};
		08F01E412134EF990038AA2C /* Products */ = {
			isa = PBXGroup;
			children = (
				08F01E402134EF990038AA2C /* Flix.app */,
				08F01E542134EF9B0038AA2C /* FlixTests.xctest */,
				08F01E5F2134EF9C0038AA2C /* FlixUITests.xctest */,
			);
			name = Products;
			sourceTree = "<group>";
		};
		08F01E422134EF990038AA2C /* Flix */ = {
			isa = PBXGroup;
			children = (
				08613FFA216D5998007CCCB3 /* API */,
				082D836C2166CE4A00BDFAE3 /* Models */,
				08CF306D21486DB400B56CDC /* Views */,
				08CF306C21486D9400B56CDC /* ViewControllers */,
				08CDDE05229EE9EF00F592BF /* Storyboards */,
				08F01E432134EF990038AA2C /* AppDelegate.swift */,
				08F01E4A2134EF9B0038AA2C /* Assets.xcassets */,
				08F01E4F2134EF9B0038AA2C /* Info.plist */,
				08A424FA27FE26DE000AF521 /* FlixTabBarController.swift */,
				08A424FB27FE26DE000AF521 /* FlixTabBarController.xib */,
			);
			path = Flix;
			sourceTree = "<group>";
		};
		08F01E572134EF9B0038AA2C /* FlixTests */ = {
			isa = PBXGroup;
			children = (
				08F01E582134EF9B0038AA2C /* FlixTests.swift */,
				08F01E5A2134EF9B0038AA2C /* Info.plist */,
			);
			path = FlixTests;
			sourceTree = "<group>";
		};
		08F01E622134EF9C0038AA2C /* FlixUITests */ = {
			isa = PBXGroup;
			children = (
				08F01E632134EF9C0038AA2C /* FlixUITests.swift */,
				08F01E652134EF9C0038AA2C /* Info.plist */,
			);
			path = FlixUITests;
			sourceTree = "<group>";
		};
		4049EB79A8B59EC9716DC897 /* Pods */ = {
			isa = PBXGroup;
			children = (
				6B26CDFB34E7027D0982E970 /* Pods-Flix.debug.xcconfig */,
				F03B4F829522DA644321A165 /* Pods-Flix.release.xcconfig */,
				77EAB6A006DAAEB6469AC49A /* Pods-FlixTests.debug.xcconfig */,
				639E3ECF5475BD81C3841020 /* Pods-FlixTests.release.xcconfig */,
				C14B91C844CF4855B8DADF62 /* Pods-FlixUITests.debug.xcconfig */,
				46978DDC6E22572014AB3B24 /* Pods-FlixUITests.release.xcconfig */,
			);
			path = Pods;
			sourceTree = "<group>";
		};
		E9C79CA5BC453C38F91F1C60 /* Frameworks */ = {
			isa = PBXGroup;
			children = (
				087F856822D901990058330C /* WebKit.framework */,
				60C821995DEC32172296239C /* Pods_Flix.framework */,
				C280354C642461B10D61764C /* Pods_FlixTests.framework */,
				72F84F49931DC51B2D25B13E /* Pods_FlixUITests.framework */,
			);
			name = Frameworks;
			sourceTree = "<group>";
		};
/* End PBXGroup section */

/* Begin PBXNativeTarget section */
		08F01E3F2134EF990038AA2C /* Flix */ = {
			isa = PBXNativeTarget;
			buildConfigurationList = 08F01E682134EF9C0038AA2C /* Build configuration list for PBXNativeTarget "Flix" */;
			buildPhases = (
				463FBF3298A0F6D303831790 /* [CP] Check Pods Manifest.lock */,
				08F01E3C2134EF990038AA2C /* Sources */,
				08F01E3D2134EF990038AA2C /* Frameworks */,
				08F01E3E2134EF990038AA2C /* Resources */,
				ED392427C1DCFF6028A4E8E8 /* [CP] Embed Pods Frameworks */,
			);
			buildRules = (
			);
			dependencies = (
			);
			name = Flix;
			productName = Flix;
			productReference = 08F01E402134EF990038AA2C /* Flix.app */;
			productType = "com.apple.product-type.application";
		};
		08F01E532134EF9B0038AA2C /* FlixTests */ = {
			isa = PBXNativeTarget;
			buildConfigurationList = 08F01E6B2134EF9C0038AA2C /* Build configuration list for PBXNativeTarget "FlixTests" */;
			buildPhases = (
				7099C2436822B57A6D83CDF9 /* [CP] Check Pods Manifest.lock */,
				08F01E502134EF9B0038AA2C /* Sources */,
				08F01E512134EF9B0038AA2C /* Frameworks */,
				08F01E522134EF9B0038AA2C /* Resources */,
			);
			buildRules = (
			);
			dependencies = (
				08F01E562134EF9B0038AA2C /* PBXTargetDependency */,
			);
			name = FlixTests;
			productName = FlixTests;
			productReference = 08F01E542134EF9B0038AA2C /* FlixTests.xctest */;
			productType = "com.apple.product-type.bundle.unit-test";
		};
		08F01E5E2134EF9C0038AA2C /* FlixUITests */ = {
			isa = PBXNativeTarget;
			buildConfigurationList = 08F01E6E2134EF9C0038AA2C /* Build configuration list for PBXNativeTarget "FlixUITests" */;
			buildPhases = (
				1AA6AC802E73139DFE357239 /* [CP] Check Pods Manifest.lock */,
				08F01E5B2134EF9C0038AA2C /* Sources */,
				08F01E5C2134EF9C0038AA2C /* Frameworks */,
				08F01E5D2134EF9C0038AA2C /* Resources */,
			);
			buildRules = (
			);
			dependencies = (
				08F01E612134EF9C0038AA2C /* PBXTargetDependency */,
			);
			name = FlixUITests;
			productName = FlixUITests;
			productReference = 08F01E5F2134EF9C0038AA2C /* FlixUITests.xctest */;
			productType = "com.apple.product-type.bundle.ui-testing";
		};
/* End PBXNativeTarget section */

/* Begin PBXProject section */
		08F01E382134EF990038AA2C /* Project object */ = {
			isa = PBXProject;
			attributes = {
				LastSwiftUpdateCheck = 0940;
				LastUpgradeCheck = 1310;
				ORGANIZATIONNAME = "Pann Cherry";
				TargetAttributes = {
					08F01E3F2134EF990038AA2C = {
						CreatedOnToolsVersion = 9.4.1;
						LastSwiftMigration = 1020;
					};
					08F01E532134EF9B0038AA2C = {
						CreatedOnToolsVersion = 9.4.1;
						LastSwiftMigration = 1020;
						TestTargetID = 08F01E3F2134EF990038AA2C;
					};
					08F01E5E2134EF9C0038AA2C = {
						CreatedOnToolsVersion = 9.4.1;
						LastSwiftMigration = 1020;
						TestTargetID = 08F01E3F2134EF990038AA2C;
					};
				};
			};
			buildConfigurationList = 08F01E3B2134EF990038AA2C /* Build configuration list for PBXProject "Flix" */;
			compatibilityVersion = "Xcode 9.3";
			developmentRegion = en;
			hasScannedForEncodings = 0;
			knownRegions = (
				en,
				Base,
			);
			mainGroup = 08F01E372134EF990038AA2C;
			productRefGroup = 08F01E412134EF990038AA2C /* Products */;
			projectDirPath = "";
			projectRoot = "";
			targets = (
				08F01E3F2134EF990038AA2C /* Flix */,
				08F01E532134EF9B0038AA2C /* FlixTests */,
				08F01E5E2134EF9C0038AA2C /* FlixUITests */,
			);
		};
/* End PBXProject section */

/* Begin PBXResourcesBuildPhase section */
		08F01E3E2134EF990038AA2C /* Resources */ = {
			isa = PBXResourcesBuildPhase;
			buildActionMask = 2147483647;
			files = (
				08A4250127FE450B000AF521 /* MovieDetailViewController.xib in Resources */,
				0859DB7227FFDD6F000E7812 /* SuperHeroMoviesViewController.xib in Resources */,
				08F01E4E2134EF9B0038AA2C /* LaunchScreen.storyboard in Resources */,
				08F01E4B2134EF9B0038AA2C /* Assets.xcassets in Resources */,
				08A424FD27FE26DE000AF521 /* FlixTabBarController.xib in Resources */,
				0859DB6C27FFD913000E7812 /* TrailerViewController.xib in Resources */,
				08A424EF27FE1F8B000AF521 /* MovieTableViewCell.xib in Resources */,
				08F01E492134EF990038AA2C /* Main.storyboard in Resources */,
				08A424F327FE223E000AF521 /* MoviesViewController.xib in Resources */,
			);
			runOnlyForDeploymentPostprocessing = 0;
		};
		08F01E522134EF9B0038AA2C /* Resources */ = {
			isa = PBXResourcesBuildPhase;
			buildActionMask = 2147483647;
			files = (
			);
			runOnlyForDeploymentPostprocessing = 0;
		};
		08F01E5D2134EF9C0038AA2C /* Resources */ = {
			isa = PBXResourcesBuildPhase;
			buildActionMask = 2147483647;
			files = (
			);
			runOnlyForDeploymentPostprocessing = 0;
		};
/* End PBXResourcesBuildPhase section */

/* Begin PBXShellScriptBuildPhase section */
		1AA6AC802E73139DFE357239 /* [CP] Check Pods Manifest.lock */ = {
			isa = PBXShellScriptBuildPhase;
			buildActionMask = 2147483647;
			files = (
			);
			inputPaths = (
				"${PODS_PODFILE_DIR_PATH}/Podfile.lock",
				"${PODS_ROOT}/Manifest.lock",
			);
			name = "[CP] Check Pods Manifest.lock";
			outputPaths = (
				"$(DERIVED_FILE_DIR)/Pods-FlixUITests-checkManifestLockResult.txt",
			);
			runOnlyForDeploymentPostprocessing = 0;
			shellPath = /bin/sh;
			shellScript = "diff \"${PODS_PODFILE_DIR_PATH}/Podfile.lock\" \"${PODS_ROOT}/Manifest.lock\" > /dev/null\nif [ $? != 0 ] ; then\n    # print error to STDERR\n    echo \"error: The sandbox is not in sync with the Podfile.lock. Run 'pod install' or update your CocoaPods installation.\" >&2\n    exit 1\nfi\n# This output is used by Xcode 'outputs' to avoid re-running this script phase.\necho \"SUCCESS\" > \"${SCRIPT_OUTPUT_FILE_0}\"\n";
			showEnvVarsInLog = 0;
		};
		463FBF3298A0F6D303831790 /* [CP] Check Pods Manifest.lock */ = {
			isa = PBXShellScriptBuildPhase;
			buildActionMask = 2147483647;
			files = (
			);
			inputPaths = (
				"${PODS_PODFILE_DIR_PATH}/Podfile.lock",
				"${PODS_ROOT}/Manifest.lock",
			);
			name = "[CP] Check Pods Manifest.lock";
			outputPaths = (
				"$(DERIVED_FILE_DIR)/Pods-Flix-checkManifestLockResult.txt",
			);
			runOnlyForDeploymentPostprocessing = 0;
			shellPath = /bin/sh;
			shellScript = "diff \"${PODS_PODFILE_DIR_PATH}/Podfile.lock\" \"${PODS_ROOT}/Manifest.lock\" > /dev/null\nif [ $? != 0 ] ; then\n    # print error to STDERR\n    echo \"error: The sandbox is not in sync with the Podfile.lock. Run 'pod install' or update your CocoaPods installation.\" >&2\n    exit 1\nfi\n# This output is used by Xcode 'outputs' to avoid re-running this script phase.\necho \"SUCCESS\" > \"${SCRIPT_OUTPUT_FILE_0}\"\n";
			showEnvVarsInLog = 0;
		};
		7099C2436822B57A6D83CDF9 /* [CP] Check Pods Manifest.lock */ = {
			isa = PBXShellScriptBuildPhase;
			buildActionMask = 2147483647;
			files = (
			);
			inputPaths = (
				"${PODS_PODFILE_DIR_PATH}/Podfile.lock",
				"${PODS_ROOT}/Manifest.lock",
			);
			name = "[CP] Check Pods Manifest.lock";
			outputPaths = (
				"$(DERIVED_FILE_DIR)/Pods-FlixTests-checkManifestLockResult.txt",
			);
			runOnlyForDeploymentPostprocessing = 0;
			shellPath = /bin/sh;
			shellScript = "diff \"${PODS_PODFILE_DIR_PATH}/Podfile.lock\" \"${PODS_ROOT}/Manifest.lock\" > /dev/null\nif [ $? != 0 ] ; then\n    # print error to STDERR\n    echo \"error: The sandbox is not in sync with the Podfile.lock. Run 'pod install' or update your CocoaPods installation.\" >&2\n    exit 1\nfi\n# This output is used by Xcode 'outputs' to avoid re-running this script phase.\necho \"SUCCESS\" > \"${SCRIPT_OUTPUT_FILE_0}\"\n";
			showEnvVarsInLog = 0;
		};
		ED392427C1DCFF6028A4E8E8 /* [CP] Embed Pods Frameworks */ = {
			isa = PBXShellScriptBuildPhase;
			buildActionMask = 2147483647;
			files = (
			);
			inputFileListPaths = (
				"${PODS_ROOT}/Target Support Files/Pods-Flix/Pods-Flix-frameworks-${CONFIGURATION}-input-files.xcfilelist",
			);
			name = "[CP] Embed Pods Frameworks";
			outputFileListPaths = (
				"${PODS_ROOT}/Target Support Files/Pods-Flix/Pods-Flix-frameworks-${CONFIGURATION}-output-files.xcfilelist",
			);
			runOnlyForDeploymentPostprocessing = 0;
			shellPath = /bin/sh;
			shellScript = "\"${PODS_ROOT}/Target Support Files/Pods-Flix/Pods-Flix-frameworks.sh\"\n";
			showEnvVarsInLog = 0;
		};
/* End PBXShellScriptBuildPhase section */

/* Begin PBXSourcesBuildPhase section */
		08F01E3C2134EF990038AA2C /* Sources */ = {
			isa = PBXSourcesBuildPhase;
			buildActionMask = 2147483647;
			files = (
				08A4250027FE450B000AF521 /* MovieDetailViewController.swift in Sources */,
				0897158D2148835B0060A081 /* PosterCell.swift in Sources */,
				0859DB7127FFDD6F000E7812 /* SuperHeroMoviesViewController.swift in Sources */,
				082D836E2166CE7700BDFAE3 /* Movie.swift in Sources */,
				0897158F214883E90060A081 /* OLDSuperheroViewController.swift in Sources */,
				08A424F527FE232B000AF521 /* CommonViewController.swift in Sources */,
				08F01E442134EF990038AA2C /* AppDelegate.swift in Sources */,
				0859DB6B27FFD913000E7812 /* TrailerViewController.swift in Sources */,
				08613FFC216D59B5007CCCB3 /* MovieApiManager.swift in Sources */,
				08DDA499213F565100F64B90 /* OLDMovieCell.swift in Sources */,
				08A424FC27FE26DE000AF521 /* FlixTabBarController.swift in Sources */,
				08A424EE27FE1F8B000AF521 /* MovieTableViewCell.swift in Sources */,
				08A424F227FE223E000AF521 /* MoviesViewController.swift in Sources */,
			);
			runOnlyForDeploymentPostprocessing = 0;
		};
		08F01E502134EF9B0038AA2C /* Sources */ = {
			isa = PBXSourcesBuildPhase;
			buildActionMask = 2147483647;
			files = (
				08F01E592134EF9B0038AA2C /* FlixTests.swift in Sources */,
			);
			runOnlyForDeploymentPostprocessing = 0;
		};
		08F01E5B2134EF9C0038AA2C /* Sources */ = {
			isa = PBXSourcesBuildPhase;
			buildActionMask = 2147483647;
			files = (
				08F01E642134EF9C0038AA2C /* FlixUITests.swift in Sources */,
			);
			runOnlyForDeploymentPostprocessing = 0;
		};
/* End PBXSourcesBuildPhase section */

/* Begin PBXTargetDependency section */
		08F01E562134EF9B0038AA2C /* PBXTargetDependency */ = {
			isa = PBXTargetDependency;
			target = 08F01E3F2134EF990038AA2C /* Flix */;
			targetProxy = 08F01E552134EF9B0038AA2C /* PBXContainerItemProxy */;
		};
		08F01E612134EF9C0038AA2C /* PBXTargetDependency */ = {
			isa = PBXTargetDependency;
			target = 08F01E3F2134EF990038AA2C /* Flix */;
			targetProxy = 08F01E602134EF9C0038AA2C /* PBXContainerItemProxy */;
		};
/* End PBXTargetDependency section */

/* Begin PBXVariantGroup section */
		08F01E472134EF990038AA2C /* Main.storyboard */ = {
			isa = PBXVariantGroup;
			children = (
				08F01E482134EF990038AA2C /* Base */,
			);
			name = Main.storyboard;
			sourceTree = "<group>";
		};
		08F01E4C2134EF9B0038AA2C /* LaunchScreen.storyboard */ = {
			isa = PBXVariantGroup;
			children = (
				08F01E4D2134EF9B0038AA2C /* Base */,
			);
			name = LaunchScreen.storyboard;
			sourceTree = "<group>";
		};
/* End PBXVariantGroup section */

/* Begin XCBuildConfiguration section */
		08F01E662134EF9C0038AA2C /* Debug */ = {
			isa = XCBuildConfiguration;
			buildSettings = {
				ALWAYS_SEARCH_USER_PATHS = NO;
				CLANG_ANALYZER_NONNULL = YES;
				CLANG_ANALYZER_NUMBER_OBJECT_CONVERSION = YES_AGGRESSIVE;
				CLANG_CXX_LANGUAGE_STANDARD = "gnu++14";
				CLANG_CXX_LIBRARY = "libc++";
				CLANG_ENABLE_MODULES = YES;
				CLANG_ENABLE_OBJC_ARC = YES;
				CLANG_ENABLE_OBJC_WEAK = YES;
				CLANG_WARN_BLOCK_CAPTURE_AUTORELEASING = YES;
				CLANG_WARN_BOOL_CONVERSION = YES;
				CLANG_WARN_COMMA = YES;
				CLANG_WARN_CONSTANT_CONVERSION = YES;
				CLANG_WARN_DEPRECATED_OBJC_IMPLEMENTATIONS = YES;
				CLANG_WARN_DIRECT_OBJC_ISA_USAGE = YES_ERROR;
				CLANG_WARN_DOCUMENTATION_COMMENTS = YES;
				CLANG_WARN_EMPTY_BODY = YES;
				CLANG_WARN_ENUM_CONVERSION = YES;
				CLANG_WARN_INFINITE_RECURSION = YES;
				CLANG_WARN_INT_CONVERSION = YES;
				CLANG_WARN_NON_LITERAL_NULL_CONVERSION = YES;
				CLANG_WARN_OBJC_IMPLICIT_RETAIN_SELF = YES;
				CLANG_WARN_OBJC_LITERAL_CONVERSION = YES;
				CLANG_WARN_OBJC_ROOT_CLASS = YES_ERROR;
				CLANG_WARN_QUOTED_INCLUDE_IN_FRAMEWORK_HEADER = YES;
				CLANG_WARN_RANGE_LOOP_ANALYSIS = YES;
				CLANG_WARN_STRICT_PROTOTYPES = YES;
				CLANG_WARN_SUSPICIOUS_MOVE = YES;
				CLANG_WARN_UNGUARDED_AVAILABILITY = YES_AGGRESSIVE;
				CLANG_WARN_UNREACHABLE_CODE = YES;
				CLANG_WARN__DUPLICATE_METHOD_MATCH = YES;
				CODE_SIGN_IDENTITY = "iPhone Developer";
				COPY_PHASE_STRIP = NO;
				DEBUG_INFORMATION_FORMAT = dwarf;
				ENABLE_STRICT_OBJC_MSGSEND = YES;
				ENABLE_TESTABILITY = YES;
				GCC_C_LANGUAGE_STANDARD = gnu11;
				GCC_DYNAMIC_NO_PIC = NO;
				GCC_NO_COMMON_BLOCKS = YES;
				GCC_OPTIMIZATION_LEVEL = 0;
				GCC_PREPROCESSOR_DEFINITIONS = (
					"DEBUG=1",
					"$(inherited)",
				);
				GCC_WARN_64_TO_32_BIT_CONVERSION = YES;
				GCC_WARN_ABOUT_RETURN_TYPE = YES_ERROR;
				GCC_WARN_UNDECLARED_SELECTOR = YES;
				GCC_WARN_UNINITIALIZED_AUTOS = YES_AGGRESSIVE;
				GCC_WARN_UNUSED_FUNCTION = YES;
				GCC_WARN_UNUSED_VARIABLE = YES;
				IPHONEOS_DEPLOYMENT_TARGET = 15.0;
				MTL_ENABLE_DEBUG_INFO = YES;
				ONLY_ACTIVE_ARCH = YES;
				SDKROOT = iphoneos;
				SWIFT_ACTIVE_COMPILATION_CONDITIONS = DEBUG;
				SWIFT_OPTIMIZATION_LEVEL = "-Onone";
			};
			name = Debug;
		};
		08F01E672134EF9C0038AA2C /* Release */ = {
			isa = XCBuildConfiguration;
			buildSettings = {
				ALWAYS_SEARCH_USER_PATHS = NO;
				CLANG_ANALYZER_NONNULL = YES;
				CLANG_ANALYZER_NUMBER_OBJECT_CONVERSION = YES_AGGRESSIVE;
				CLANG_CXX_LANGUAGE_STANDARD = "gnu++14";
				CLANG_CXX_LIBRARY = "libc++";
				CLANG_ENABLE_MODULES = YES;
				CLANG_ENABLE_OBJC_ARC = YES;
				CLANG_ENABLE_OBJC_WEAK = YES;
				CLANG_WARN_BLOCK_CAPTURE_AUTORELEASING = YES;
				CLANG_WARN_BOOL_CONVERSION = YES;
				CLANG_WARN_COMMA = YES;
				CLANG_WARN_CONSTANT_CONVERSION = YES;
				CLANG_WARN_DEPRECATED_OBJC_IMPLEMENTATIONS = YES;
				CLANG_WARN_DIRECT_OBJC_ISA_USAGE = YES_ERROR;
				CLANG_WARN_DOCUMENTATION_COMMENTS = YES;
				CLANG_WARN_EMPTY_BODY = YES;
				CLANG_WARN_ENUM_CONVERSION = YES;
				CLANG_WARN_INFINITE_RECURSION = YES;
				CLANG_WARN_INT_CONVERSION = YES;
				CLANG_WARN_NON_LITERAL_NULL_CONVERSION = YES;
				CLANG_WARN_OBJC_IMPLICIT_RETAIN_SELF = YES;
				CLANG_WARN_OBJC_LITERAL_CONVERSION = YES;
				CLANG_WARN_OBJC_ROOT_CLASS = YES_ERROR;
				CLANG_WARN_QUOTED_INCLUDE_IN_FRAMEWORK_HEADER = YES;
				CLANG_WARN_RANGE_LOOP_ANALYSIS = YES;
				CLANG_WARN_STRICT_PROTOTYPES = YES;
				CLANG_WARN_SUSPICIOUS_MOVE = YES;
				CLANG_WARN_UNGUARDED_AVAILABILITY = YES_AGGRESSIVE;
				CLANG_WARN_UNREACHABLE_CODE = YES;
				CLANG_WARN__DUPLICATE_METHOD_MATCH = YES;
				CODE_SIGN_IDENTITY = "iPhone Developer";
				COPY_PHASE_STRIP = NO;
				DEBUG_INFORMATION_FORMAT = "dwarf-with-dsym";
				ENABLE_NS_ASSERTIONS = NO;
				ENABLE_STRICT_OBJC_MSGSEND = YES;
				GCC_C_LANGUAGE_STANDARD = gnu11;
				GCC_NO_COMMON_BLOCKS = YES;
				GCC_WARN_64_TO_32_BIT_CONVERSION = YES;
				GCC_WARN_ABOUT_RETURN_TYPE = YES_ERROR;
				GCC_WARN_UNDECLARED_SELECTOR = YES;
				GCC_WARN_UNINITIALIZED_AUTOS = YES_AGGRESSIVE;
				GCC_WARN_UNUSED_FUNCTION = YES;
				GCC_WARN_UNUSED_VARIABLE = YES;
				IPHONEOS_DEPLOYMENT_TARGET = 15.0;
				MTL_ENABLE_DEBUG_INFO = NO;
				SDKROOT = iphoneos;
				SWIFT_COMPILATION_MODE = wholemodule;
				SWIFT_OPTIMIZATION_LEVEL = "-O";
				VALIDATE_PRODUCT = YES;
			};
			name = Release;
		};
		08F01E692134EF9C0038AA2C /* Debug */ = {
			isa = XCBuildConfiguration;
			baseConfigurationReference = 6B26CDFB34E7027D0982E970 /* Pods-Flix.debug.xcconfig */;
			buildSettings = {
				ASSETCATALOG_COMPILER_APPICON_NAME = AppIcon;
				CODE_SIGN_STYLE = Automatic;
				DEVELOPMENT_TEAM = 5D7WA4DHD4;
				INFOPLIST_FILE = Flix/Info.plist;
				LD_RUNPATH_SEARCH_PATHS = (
					"$(inherited)",
					"@executable_path/Frameworks",
				);
				PRODUCT_BUNDLE_IDENTIFIER = RnR.Flix;
				PRODUCT_NAME = "$(TARGET_NAME)";
				SWIFT_VERSION = 5.0;
				TARGETED_DEVICE_FAMILY = "1,2";
			};
			name = Debug;
		};
		08F01E6A2134EF9C0038AA2C /* Release */ = {
			isa = XCBuildConfiguration;
			baseConfigurationReference = F03B4F829522DA644321A165 /* Pods-Flix.release.xcconfig */;
			buildSettings = {
				ASSETCATALOG_COMPILER_APPICON_NAME = AppIcon;
				CODE_SIGN_STYLE = Automatic;
				DEVELOPMENT_TEAM = 5D7WA4DHD4;
				INFOPLIST_FILE = Flix/Info.plist;
				LD_RUNPATH_SEARCH_PATHS = (
					"$(inherited)",
					"@executable_path/Frameworks",
				);
				PRODUCT_BUNDLE_IDENTIFIER = RnR.Flix;
				PRODUCT_NAME = "$(TARGET_NAME)";
				SWIFT_VERSION = 5.0;
				TARGETED_DEVICE_FAMILY = "1,2";
			};
			name = Release;
		};
		08F01E6C2134EF9C0038AA2C /* Debug */ = {
			isa = XCBuildConfiguration;
			baseConfigurationReference = 77EAB6A006DAAEB6469AC49A /* Pods-FlixTests.debug.xcconfig */;
			buildSettings = {
				ALWAYS_EMBED_SWIFT_STANDARD_LIBRARIES = YES;
				BUNDLE_LOADER = "$(TEST_HOST)";
				CODE_SIGN_STYLE = Automatic;
				DEVELOPMENT_TEAM = 5D7WA4DHD4;
				INFOPLIST_FILE = FlixTests/Info.plist;
				LD_RUNPATH_SEARCH_PATHS = (
					"$(inherited)",
					"@executable_path/Frameworks",
					"@loader_path/Frameworks",
				);
				PRODUCT_BUNDLE_IDENTIFIER = RnR.FlixTests;
				PRODUCT_NAME = "$(TARGET_NAME)";
				SWIFT_VERSION = 5.0;
				TARGETED_DEVICE_FAMILY = "1,2";
				TEST_HOST = "$(BUILT_PRODUCTS_DIR)/Flix.app/Flix";
			};
			name = Debug;
		};
		08F01E6D2134EF9C0038AA2C /* Release */ = {
			isa = XCBuildConfiguration;
			baseConfigurationReference = 639E3ECF5475BD81C3841020 /* Pods-FlixTests.release.xcconfig */;
			buildSettings = {
				ALWAYS_EMBED_SWIFT_STANDARD_LIBRARIES = YES;
				BUNDLE_LOADER = "$(TEST_HOST)";
				CODE_SIGN_STYLE = Automatic;
				DEVELOPMENT_TEAM = 5D7WA4DHD4;
				INFOPLIST_FILE = FlixTests/Info.plist;
				LD_RUNPATH_SEARCH_PATHS = (
					"$(inherited)",
					"@executable_path/Frameworks",
					"@loader_path/Frameworks",
				);
				PRODUCT_BUNDLE_IDENTIFIER = RnR.FlixTests;
				PRODUCT_NAME = "$(TARGET_NAME)";
				SWIFT_VERSION = 5.0;
				TARGETED_DEVICE_FAMILY = "1,2";
				TEST_HOST = "$(BUILT_PRODUCTS_DIR)/Flix.app/Flix";
			};
			name = Release;
		};
		08F01E6F2134EF9C0038AA2C /* Debug */ = {
			isa = XCBuildConfiguration;
			baseConfigurationReference = C14B91C844CF4855B8DADF62 /* Pods-FlixUITests.debug.xcconfig */;
			buildSettings = {
				ALWAYS_EMBED_SWIFT_STANDARD_LIBRARIES = YES;
				CODE_SIGN_STYLE = Automatic;
				DEVELOPMENT_TEAM = 5D7WA4DHD4;
				INFOPLIST_FILE = FlixUITests/Info.plist;
				LD_RUNPATH_SEARCH_PATHS = (
					"$(inherited)",
					"@executable_path/Frameworks",
					"@loader_path/Frameworks",
				);
				PRODUCT_BUNDLE_IDENTIFIER = RnR.FlixUITests;
				PRODUCT_NAME = "$(TARGET_NAME)";
				SWIFT_VERSION = 5.0;
				TARGETED_DEVICE_FAMILY = "1,2";
				TEST_TARGET_NAME = Flix;
			};
			name = Debug;
		};
		08F01E702134EF9C0038AA2C /* Release */ = {
			isa = XCBuildConfiguration;
			baseConfigurationReference = 46978DDC6E22572014AB3B24 /* Pods-FlixUITests.release.xcconfig */;
			buildSettings = {
				ALWAYS_EMBED_SWIFT_STANDARD_LIBRARIES = YES;
				CODE_SIGN_STYLE = Automatic;
				DEVELOPMENT_TEAM = 5D7WA4DHD4;
				INFOPLIST_FILE = FlixUITests/Info.plist;
				LD_RUNPATH_SEARCH_PATHS = (
					"$(inherited)",
					"@executable_path/Frameworks",
					"@loader_path/Frameworks",
				);
				PRODUCT_BUNDLE_IDENTIFIER = RnR.FlixUITests;
				PRODUCT_NAME = "$(TARGET_NAME)";
				SWIFT_VERSION = 5.0;
				TARGETED_DEVICE_FAMILY = "1,2";
				TEST_TARGET_NAME = Flix;
			};
			name = Release;
		};
/* End XCBuildConfiguration section */

/* Begin XCConfigurationList section */
		08F01E3B2134EF990038AA2C /* Build configuration list for PBXProject "Flix" */ = {
			isa = XCConfigurationList;
			buildConfigurations = (
				08F01E662134EF9C0038AA2C /* Debug */,
				08F01E672134EF9C0038AA2C /* Release */,
			);
			defaultConfigurationIsVisible = 0;
			defaultConfigurationName = Release;
		};
		08F01E682134EF9C0038AA2C /* Build configuration list for PBXNativeTarget "Flix" */ = {
			isa = XCConfigurationList;
			buildConfigurations = (
				08F01E692134EF9C0038AA2C /* Debug */,
				08F01E6A2134EF9C0038AA2C /* Release */,
			);
			defaultConfigurationIsVisible = 0;
			defaultConfigurationName = Release;
		};
		08F01E6B2134EF9C0038AA2C /* Build configuration list for PBXNativeTarget "FlixTests" */ = {
			isa = XCConfigurationList;
			buildConfigurations = (
				08F01E6C2134EF9C0038AA2C /* Debug */,
				08F01E6D2134EF9C0038AA2C /* Release */,
			);
			defaultConfigurationIsVisible = 0;
			defaultConfigurationName = Release;
		};
		08F01E6E2134EF9C0038AA2C /* Build configuration list for PBXNativeTarget "FlixUITests" */ = {
			isa = XCConfigurationList;
			buildConfigurations = (
				08F01E6F2134EF9C0038AA2C /* Debug */,
				08F01E702134EF9C0038AA2C /* Release */,
			);
			defaultConfigurationIsVisible = 0;
			defaultConfigurationName = Release;
		};
/* End XCConfigurationList section */
	};
	rootObject = 08F01E382134EF990038AA2C /* Project object */;
}
